// !$*UTF8*$!
{
	archiveVersion = 1;
	classes = {
	};
	objectVersion = 55;
	objects = {

/* Begin PBXBuildFile section */
		90960EBB2817735A00538202 /* InteractivePricingComponentApp.swift in Sources */ = {isa = PBXBuildFile; fileRef = 90960EAB2817735900538202 /* InteractivePricingComponentApp.swift */; };
		90960EBC2817735A00538202 /* InteractivePricingComponentApp.swift in Sources */ = {isa = PBXBuildFile; fileRef = 90960EAB2817735900538202 /* InteractivePricingComponentApp.swift */; };
		90960EBD2817735A00538202 /* ContentView.swift in Sources */ = {isa = PBXBuildFile; fileRef = 90960EAC2817735900538202 /* ContentView.swift */; };
		90960EBE2817735A00538202 /* ContentView.swift in Sources */ = {isa = PBXBuildFile; fileRef = 90960EAC2817735900538202 /* ContentView.swift */; };
		90960EBF2817735A00538202 /* Assets.xcassets in Resources */ = {isa = PBXBuildFile; fileRef = 90960EAD2817735A00538202 /* Assets.xcassets */; };
		90960EC02817735A00538202 /* Assets.xcassets in Resources */ = {isa = PBXBuildFile; fileRef = 90960EAD2817735A00538202 /* Assets.xcassets */; };
		90960ECD281775A400538202 /* BackgroundView.swift in Sources */ = {isa = PBXBuildFile; fileRef = 90960ECC281775A400538202 /* BackgroundView.swift */; };
		90960ECF281775D900538202 /* HeaderView.swift in Sources */ = {isa = PBXBuildFile; fileRef = 90960ECE281775D900538202 /* HeaderView.swift */; };
		90960ED12817771B00538202 /* MainView.swift in Sources */ = {isa = PBXBuildFile; fileRef = 90960ED02817771B00538202 /* MainView.swift */; };
		90960ED3281777ED00538202 /* PageView.swift in Sources */ = {isa = PBXBuildFile; fileRef = 90960ED2281777ED00538202 /* PageView.swift */; };
		90960ED52817781600538202 /* SliderView.swift in Sources */ = {isa = PBXBuildFile; fileRef = 90960ED42817781600538202 /* SliderView.swift */; };
		90960ED7281779A200538202 /* Utilities.swift in Sources */ = {isa = PBXBuildFile; fileRef = 90960ED6281779A200538202 /* Utilities.swift */; };
		90960ED9281783E300538202 /* GlobalState.swift in Sources */ = {isa = PBXBuildFile; fileRef = 90960ED8281783E300538202 /* GlobalState.swift */; };
		90960EDB281784A000538202 /* PricingView.swift in Sources */ = {isa = PBXBuildFile; fileRef = 90960EDA281784A000538202 /* PricingView.swift */; };
		90960EDD2817878E00538202 /* BillingView.swift in Sources */ = {isa = PBXBuildFile; fileRef = 90960EDC2817878E00538202 /* BillingView.swift */; };
		90960EDF28178F4400538202 /* CustomDivider.swift in Sources */ = {isa = PBXBuildFile; fileRef = 90960EDE28178F4400538202 /* CustomDivider.swift */; };
		90960EE128178F8500538202 /* FeaturesView.swift in Sources */ = {isa = PBXBuildFile; fileRef = 90960EE028178F8500538202 /* FeaturesView.swift */; };
		90960EE328178F9700538202 /* FeatureView.swift in Sources */ = {isa = PBXBuildFile; fileRef = 90960EE228178F9700538202 /* FeatureView.swift */; };
		90960EE52817910000538202 /* StartButtonView.swift in Sources */ = {isa = PBXBuildFile; fileRef = 90960EE42817910000538202 /* StartButtonView.swift */; };
/* End PBXBuildFile section */

/* Begin PBXFileReference section */
		90960EAB2817735900538202 /* InteractivePricingComponentApp.swift */ = {isa = PBXFileReference; lastKnownFileType = sourcecode.swift; path = InteractivePricingComponentApp.swift; sourceTree = "<group>"; };
		90960EAC2817735900538202 /* ContentView.swift */ = {isa = PBXFileReference; lastKnownFileType = sourcecode.swift; path = ContentView.swift; sourceTree = "<group>"; };
		90960EAD2817735A00538202 /* Assets.xcassets */ = {isa = PBXFileReference; lastKnownFileType = folder.assetcatalog; path = Assets.xcassets; sourceTree = "<group>"; };
		90960EB22817735A00538202 /* Interactive Pricing Component.app */ = {isa = PBXFileReference; explicitFileType = wrapper.application; includeInIndex = 0; path = "Interactive Pricing Component.app"; sourceTree = BUILT_PRODUCTS_DIR; };
		90960EB82817735A00538202 /* Interactive Pricing Component.app */ = {isa = PBXFileReference; explicitFileType = wrapper.application; includeInIndex = 0; path = "Interactive Pricing Component.app"; sourceTree = BUILT_PRODUCTS_DIR; };
		90960EBA2817735A00538202 /* macOS.entitlements */ = {isa = PBXFileReference; lastKnownFileType = text.plist.entitlements; path = macOS.entitlements; sourceTree = "<group>"; };
		90960ECC281775A400538202 /* BackgroundView.swift */ = {isa = PBXFileReference; lastKnownFileType = sourcecode.swift; path = BackgroundView.swift; sourceTree = "<group>"; };
		90960ECE281775D900538202 /* HeaderView.swift */ = {isa = PBXFileReference; lastKnownFileType = sourcecode.swift; path = HeaderView.swift; sourceTree = "<group>"; };
		90960ED02817771B00538202 /* MainView.swift */ = {isa = PBXFileReference; lastKnownFileType = sourcecode.swift; path = MainView.swift; sourceTree = "<group>"; };
		90960ED2281777ED00538202 /* PageView.swift */ = {isa = PBXFileReference; lastKnownFileType = sourcecode.swift; path = PageView.swift; sourceTree = "<group>"; };
		90960ED42817781600538202 /* SliderView.swift */ = {isa = PBXFileReference; lastKnownFileType = sourcecode.swift; path = SliderView.swift; sourceTree = "<group>"; };
		90960ED6281779A200538202 /* Utilities.swift */ = {isa = PBXFileReference; lastKnownFileType = sourcecode.swift; path = Utilities.swift; sourceTree = "<group>"; };
		90960ED8281783E300538202 /* GlobalState.swift */ = {isa = PBXFileReference; lastKnownFileType = sourcecode.swift; path = GlobalState.swift; sourceTree = "<group>"; };
		90960EDA281784A000538202 /* PricingView.swift */ = {isa = PBXFileReference; lastKnownFileType = sourcecode.swift; path = PricingView.swift; sourceTree = "<group>"; };
		90960EDC2817878E00538202 /* BillingView.swift */ = {isa = PBXFileReference; lastKnownFileType = sourcecode.swift; path = BillingView.swift; sourceTree = "<group>"; };
		90960EDE28178F4400538202 /* CustomDivider.swift */ = {isa = PBXFileReference; lastKnownFileType = sourcecode.swift; path = CustomDivider.swift; sourceTree = "<group>"; };
		90960EE028178F8500538202 /* FeaturesView.swift */ = {isa = PBXFileReference; lastKnownFileType = sourcecode.swift; path = FeaturesView.swift; sourceTree = "<group>"; };
		90960EE228178F9700538202 /* FeatureView.swift */ = {isa = PBXFileReference; lastKnownFileType = sourcecode.swift; path = FeatureView.swift; sourceTree = "<group>"; };
		90960EE42817910000538202 /* StartButtonView.swift */ = {isa = PBXFileReference; lastKnownFileType = sourcecode.swift; path = StartButtonView.swift; sourceTree = "<group>"; };
/* End PBXFileReference section */

/* Begin PBXFrameworksBuildPhase section */
		90960EAF2817735A00538202 /* Frameworks */ = {
			isa = PBXFrameworksBuildPhase;
			buildActionMask = 2147483647;
			files = (
			);
			runOnlyForDeploymentPostprocessing = 0;
		};
		90960EB52817735A00538202 /* Frameworks */ = {
			isa = PBXFrameworksBuildPhase;
			buildActionMask = 2147483647;
			files = (
			);
			runOnlyForDeploymentPostprocessing = 0;
		};
/* End PBXFrameworksBuildPhase section */

/* Begin PBXGroup section */
		90960EA52817735900538202 = {
			isa = PBXGroup;
			children = (
				90960EAA2817735900538202 /* Shared */,
				90960EB92817735A00538202 /* macOS */,
				90960EB32817735A00538202 /* Products */,
			);
			sourceTree = "<group>";
		};
		90960EAA2817735900538202 /* Shared */ = {
			isa = PBXGroup;
			children = (
				90960ECB2817738F00538202 /* App */,
				90960ECA2817738B00538202 /* Models */,
				90960EC92817738500538202 /* Views */,
			);
			path = Shared;
			sourceTree = "<group>";
		};
		90960EB32817735A00538202 /* Products */ = {
			isa = PBXGroup;
			children = (
				90960EB22817735A00538202 /* Interactive Pricing Component.app */,
				90960EB82817735A00538202 /* Interactive Pricing Component.app */,
			);
			name = Products;
			sourceTree = "<group>";
		};
		90960EB92817735A00538202 /* macOS */ = {
			isa = PBXGroup;
			children = (
				90960EBA2817735A00538202 /* macOS.entitlements */,
			);
			path = macOS;
			sourceTree = "<group>";
		};
		90960EC92817738500538202 /* Views */ = {
			isa = PBXGroup;
			children = (
				90960EE7281792C700538202 /* Main */,
				90960EE6281792B500538202 /* Misc */,
				90960EAC2817735900538202 /* ContentView.swift */,
			);
			path = Views;
			sourceTree = "<group>";
		};
		90960ECA2817738B00538202 /* Models */ = {
			isa = PBXGroup;
			children = (
				90960ED8281783E300538202 /* GlobalState.swift */,
			);
			path = Models;
			sourceTree = "<group>";
		};
		90960ECB2817738F00538202 /* App */ = {
			isa = PBXGroup;
			children = (
				90960EAB2817735900538202 /* InteractivePricingComponentApp.swift */,
				90960EAD2817735A00538202 /* Assets.xcassets */,
				90960ED6281779A200538202 /* Utilities.swift */,
			);
			path = App;
			sourceTree = "<group>";
		};
		90960EE6281792B500538202 /* Misc */ = {
			isa = PBXGroup;
			children = (
				90960ECC281775A400538202 /* BackgroundView.swift */,
				90960ECE281775D900538202 /* HeaderView.swift */,
				90960EDE28178F4400538202 /* CustomDivider.swift */,
			);
			path = Misc;
			sourceTree = "<group>";
		};
		90960EE7281792C700538202 /* Main */ = {
			isa = PBXGroup;
			children = (
				90960ED02817771B00538202 /* MainView.swift */,
				90960ED2281777ED00538202 /* PageView.swift */,
				90960ED42817781600538202 /* SliderView.swift */,
				90960EDA281784A000538202 /* PricingView.swift */,
				90960EDC2817878E00538202 /* BillingView.swift */,
				90960EE028178F8500538202 /* FeaturesView.swift */,
				90960EE228178F9700538202 /* FeatureView.swift */,
				90960EE42817910000538202 /* StartButtonView.swift */,
			);
			path = Main;
			sourceTree = "<group>";
		};
/* End PBXGroup section */

/* Begin PBXNativeTarget section */
		90960EB12817735A00538202 /* Interactive Pricing Component (iOS) */ = {
			isa = PBXNativeTarget;
			buildConfigurationList = 90960EC32817735A00538202 /* Build configuration list for PBXNativeTarget "Interactive Pricing Component (iOS)" */;
			buildPhases = (
				90960EAE2817735A00538202 /* Sources */,
				90960EAF2817735A00538202 /* Frameworks */,
				90960EB02817735A00538202 /* Resources */,
			);
			buildRules = (
			);
			dependencies = (
			);
			name = "Interactive Pricing Component (iOS)";
			productName = "InteractivePricingComponent (iOS)";
			productReference = 90960EB22817735A00538202 /* Interactive Pricing Component.app */;
			productType = "com.apple.product-type.application";
		};
		90960EB72817735A00538202 /* Interactive Pricing Component (macOS) */ = {
			isa = PBXNativeTarget;
			buildConfigurationList = 90960EC62817735A00538202 /* Build configuration list for PBXNativeTarget "Interactive Pricing Component (macOS)" */;
			buildPhases = (
				90960EB42817735A00538202 /* Sources */,
				90960EB52817735A00538202 /* Frameworks */,
				90960EB62817735A00538202 /* Resources */,
			);
			buildRules = (
			);
			dependencies = (
			);
			name = "Interactive Pricing Component (macOS)";
			productName = "InteractivePricingComponent (macOS)";
			productReference = 90960EB82817735A00538202 /* Interactive Pricing Component.app */;
			productType = "com.apple.product-type.application";
		};
/* End PBXNativeTarget section */

/* Begin PBXProject section */
		90960EA62817735900538202 /* Project object */ = {
			isa = PBXProject;
			attributes = {
				BuildIndependentTargetsInParallel = 1;
				LastSwiftUpdateCheck = 1330;
				LastUpgradeCheck = 1330;
				TargetAttributes = {
					90960EB12817735A00538202 = {
						CreatedOnToolsVersion = 13.3.1;
					};
					90960EB72817735A00538202 = {
						CreatedOnToolsVersion = 13.3.1;
					};
				};
			};
			buildConfigurationList = 90960EA92817735900538202 /* Build configuration list for PBXProject "Interactive Pricing Component" */;
			compatibilityVersion = "Xcode 13.0";
			developmentRegion = en;
			hasScannedForEncodings = 0;
			knownRegions = (
				en,
				Base,
			);
			mainGroup = 90960EA52817735900538202;
			productRefGroup = 90960EB32817735A00538202 /* Products */;
			projectDirPath = "";
			projectRoot = "";
			targets = (
				90960EB12817735A00538202 /* Interactive Pricing Component (iOS) */,
				90960EB72817735A00538202 /* Interactive Pricing Component (macOS) */,
			);
		};
/* End PBXProject section */

/* Begin PBXResourcesBuildPhase section */
		90960EB02817735A00538202 /* Resources */ = {
			isa = PBXResourcesBuildPhase;
			buildActionMask = 2147483647;
			files = (
				90960EBF2817735A00538202 /* Assets.xcassets in Resources */,
			);
			runOnlyForDeploymentPostprocessing = 0;
		};
		90960EB62817735A00538202 /* Resources */ = {
			isa = PBXResourcesBuildPhase;
			buildActionMask = 2147483647;
			files = (
				90960EC02817735A00538202 /* Assets.xcassets in Resources */,
			);
			runOnlyForDeploymentPostprocessing = 0;
		};
/* End PBXResourcesBuildPhase section */

/* Begin PBXSourcesBuildPhase section */
		90960EAE2817735A00538202 /* Sources */ = {
			isa = PBXSourcesBuildPhase;
			buildActionMask = 2147483647;
			files = (
				90960ECD281775A400538202 /* BackgroundView.swift in Sources */,
				90960EDD2817878E00538202 /* BillingView.swift in Sources */,
				90960ED3281777ED00538202 /* PageView.swift in Sources */,
				90960EE52817910000538202 /* StartButtonView.swift in Sources */,
				90960ED9281783E300538202 /* GlobalState.swift in Sources */,
				90960EBD2817735A00538202 /* ContentView.swift in Sources */,
				90960EBB2817735A00538202 /* InteractivePricingComponentApp.swift in Sources */,
				90960ED12817771B00538202 /* MainView.swift in Sources */,
				90960EE328178F9700538202 /* FeatureView.swift in Sources */,
				90960ECF281775D900538202 /* HeaderView.swift in Sources */,
				90960EDF28178F4400538202 /* CustomDivider.swift in Sources */,
				90960EE128178F8500538202 /* FeaturesView.swift in Sources */,
				90960EDB281784A000538202 /* PricingView.swift in Sources */,
				90960ED7281779A200538202 /* Utilities.swift in Sources */,
				90960ED52817781600538202 /* SliderView.swift in Sources */,
			);
			runOnlyForDeploymentPostprocessing = 0;
		};
		90960EB42817735A00538202 /* Sources */ = {
			isa = PBXSourcesBuildPhase;
			buildActionMask = 2147483647;
			files = (
				90960EBE2817735A00538202 /* ContentView.swift in Sources */,
				90960EBC2817735A00538202 /* InteractivePricingComponentApp.swift in Sources */,
			);
			runOnlyForDeploymentPostprocessing = 0;
		};
/* End PBXSourcesBuildPhase section */

/* Begin XCBuildConfiguration section */
		90960EC12817735A00538202 /* Debug */ = {
			isa = XCBuildConfiguration;
			buildSettings = {
				ALWAYS_SEARCH_USER_PATHS = NO;
				CLANG_ANALYZER_NONNULL = YES;
				CLANG_ANALYZER_NUMBER_OBJECT_CONVERSION = YES_AGGRESSIVE;
				CLANG_CXX_LANGUAGE_STANDARD = "gnu++17";
				CLANG_ENABLE_MODULES = YES;
				CLANG_ENABLE_OBJC_ARC = YES;
				CLANG_ENABLE_OBJC_WEAK = YES;
				CLANG_WARN_BLOCK_CAPTURE_AUTORELEASING = YES;
				CLANG_WARN_BOOL_CONVERSION = YES;
				CLANG_WARN_COMMA = YES;
				CLANG_WARN_CONSTANT_CONVERSION = YES;
				CLANG_WARN_DEPRECATED_OBJC_IMPLEMENTATIONS = YES;
				CLANG_WARN_DIRECT_OBJC_ISA_USAGE = YES_ERROR;
				CLANG_WARN_DOCUMENTATION_COMMENTS = YES;
				CLANG_WARN_EMPTY_BODY = YES;
				CLANG_WARN_ENUM_CONVERSION = YES;
				CLANG_WARN_INFINITE_RECURSION = YES;
				CLANG_WARN_INT_CONVERSION = YES;
				CLANG_WARN_NON_LITERAL_NULL_CONVERSION = YES;
				CLANG_WARN_OBJC_IMPLICIT_RETAIN_SELF = YES;
				CLANG_WARN_OBJC_LITERAL_CONVERSION = YES;
				CLANG_WARN_OBJC_ROOT_CLASS = YES_ERROR;
				CLANG_WARN_QUOTED_INCLUDE_IN_FRAMEWORK_HEADER = YES;
				CLANG_WARN_RANGE_LOOP_ANALYSIS = YES;
				CLANG_WARN_STRICT_PROTOTYPES = YES;
				CLANG_WARN_SUSPICIOUS_MOVE = YES;
				CLANG_WARN_UNGUARDED_AVAILABILITY = YES_AGGRESSIVE;
				CLANG_WARN_UNREACHABLE_CODE = YES;
				CLANG_WARN__DUPLICATE_METHOD_MATCH = YES;
				COPY_PHASE_STRIP = NO;
				DEBUG_INFORMATION_FORMAT = dwarf;
				ENABLE_STRICT_OBJC_MSGSEND = YES;
				ENABLE_TESTABILITY = YES;
				GCC_C_LANGUAGE_STANDARD = gnu11;
				GCC_DYNAMIC_NO_PIC = NO;
				GCC_NO_COMMON_BLOCKS = YES;
				GCC_OPTIMIZATION_LEVEL = 0;
				GCC_PREPROCESSOR_DEFINITIONS = (
					"DEBUG=1",
					"$(inherited)",
				);
				GCC_WARN_64_TO_32_BIT_CONVERSION = YES;
				GCC_WARN_ABOUT_RETURN_TYPE = YES_ERROR;
				GCC_WARN_UNDECLARED_SELECTOR = YES;
				GCC_WARN_UNINITIALIZED_AUTOS = YES_AGGRESSIVE;
				GCC_WARN_UNUSED_FUNCTION = YES;
				GCC_WARN_UNUSED_VARIABLE = YES;
				IPHONEOS_DEPLOYMENT_TARGET = 15.4;
				MACOSX_DEPLOYMENT_TARGET = 12.3;
				MTL_ENABLE_DEBUG_INFO = INCLUDE_SOURCE;
				MTL_FAST_MATH = YES;
				ONLY_ACTIVE_ARCH = YES;
				SWIFT_ACTIVE_COMPILATION_CONDITIONS = DEBUG;
				SWIFT_OPTIMIZATION_LEVEL = "-Onone";
			};
			name = Debug;
		};
		90960EC22817735A00538202 /* Release */ = {
			isa = XCBuildConfiguration;
			buildSettings = {
				ALWAYS_SEARCH_USER_PATHS = NO;
				CLANG_ANALYZER_NONNULL = YES;
				CLANG_ANALYZER_NUMBER_OBJECT_CONVERSION = YES_AGGRESSIVE;
				CLANG_CXX_LANGUAGE_STANDARD = "gnu++17";
				CLANG_ENABLE_MODULES = YES;
				CLANG_ENABLE_OBJC_ARC = YES;
				CLANG_ENABLE_OBJC_WEAK = YES;
				CLANG_WARN_BLOCK_CAPTURE_AUTORELEASING = YES;
				CLANG_WARN_BOOL_CONVERSION = YES;
				CLANG_WARN_COMMA = YES;
				CLANG_WARN_CONSTANT_CONVERSION = YES;
				CLANG_WARN_DEPRECATED_OBJC_IMPLEMENTATIONS = YES;
				CLANG_WARN_DIRECT_OBJC_ISA_USAGE = YES_ERROR;
				CLANG_WARN_DOCUMENTATION_COMMENTS = YES;
				CLANG_WARN_EMPTY_BODY = YES;
				CLANG_WARN_ENUM_CONVERSION = YES;
				CLANG_WARN_INFINITE_RECURSION = YES;
				CLANG_WARN_INT_CONVERSION = YES;
				CLANG_WARN_NON_LITERAL_NULL_CONVERSION = YES;
				CLANG_WARN_OBJC_IMPLICIT_RETAIN_SELF = YES;
				CLANG_WARN_OBJC_LITERAL_CONVERSION = YES;
				CLANG_WARN_OBJC_ROOT_CLASS = YES_ERROR;
				CLANG_WARN_QUOTED_INCLUDE_IN_FRAMEWORK_HEADER = YES;
				CLANG_WARN_RANGE_LOOP_ANALYSIS = YES;
				CLANG_WARN_STRICT_PROTOTYPES = YES;
				CLANG_WARN_SUSPICIOUS_MOVE = YES;
				CLANG_WARN_UNGUARDED_AVAILABILITY = YES_AGGRESSIVE;
				CLANG_WARN_UNREACHABLE_CODE = YES;
				CLANG_WARN__DUPLICATE_METHOD_MATCH = YES;
				COPY_PHASE_STRIP = NO;
				DEBUG_INFORMATION_FORMAT = "dwarf-with-dsym";
				ENABLE_NS_ASSERTIONS = NO;
				ENABLE_STRICT_OBJC_MSGSEND = YES;
				GCC_C_LANGUAGE_STANDARD = gnu11;
				GCC_NO_COMMON_BLOCKS = YES;
				GCC_WARN_64_TO_32_BIT_CONVERSION = YES;
				GCC_WARN_ABOUT_RETURN_TYPE = YES_ERROR;
				GCC_WARN_UNDECLARED_SELECTOR = YES;
				GCC_WARN_UNINITIALIZED_AUTOS = YES_AGGRESSIVE;
				GCC_WARN_UNUSED_FUNCTION = YES;
				GCC_WARN_UNUSED_VARIABLE = YES;
				IPHONEOS_DEPLOYMENT_TARGET = 15.4;
				MACOSX_DEPLOYMENT_TARGET = 12.3;
				MTL_ENABLE_DEBUG_INFO = NO;
				MTL_FAST_MATH = YES;
				SWIFT_COMPILATION_MODE = wholemodule;
				SWIFT_OPTIMIZATION_LEVEL = "-O";
			};
			name = Release;
		};
		90960EC42817735A00538202 /* Debug */ = {
			isa = XCBuildConfiguration;
			buildSettings = {
				ASSETCATALOG_COMPILER_APPICON_NAME = AppIcon;
				ASSETCATALOG_COMPILER_GLOBAL_ACCENT_COLOR_NAME = AccentColor;
				CODE_SIGN_STYLE = Automatic;
				CURRENT_PROJECT_VERSION = 1;
				DEVELOPMENT_TEAM = 862P2X6G9G;
				ENABLE_PREVIEWS = YES;
				GENERATE_INFOPLIST_FILE = YES;
				INFOPLIST_KEY_UIApplicationSceneManifest_Generation = YES;
				INFOPLIST_KEY_UIApplicationSupportsIndirectInputEvents = YES;
				INFOPLIST_KEY_UILaunchScreen_Generation = YES;
				INFOPLIST_KEY_UISupportedInterfaceOrientations_iPad = "UIInterfaceOrientationPortrait UIInterfaceOrientationPortraitUpsideDown UIInterfaceOrientationLandscapeLeft UIInterfaceOrientationLandscapeRight";
				INFOPLIST_KEY_UISupportedInterfaceOrientations_iPhone = "UIInterfaceOrientationPortrait UIInterfaceOrientationLandscapeLeft UIInterfaceOrientationLandscapeRight";
				IPHONEOS_DEPLOYMENT_TARGET = 15.4;
				LD_RUNPATH_SEARCH_PATHS = (
					"$(inherited)",
					"@executable_path/Frameworks",
				);
				MARKETING_VERSION = 1.0;
				PRODUCT_BUNDLE_IDENTIFIER = me.jinwook.kim.InteractivePricingComponent;
				PRODUCT_NAME = "Interactive Pricing Component";
				SDKROOT = iphoneos;
				SWIFT_EMIT_LOC_STRINGS = YES;
				SWIFT_VERSION = 5.0;
				TARGETED_DEVICE_FAMILY = "1,2";
			};
			name = Debug;
		};
		90960EC52817735A00538202 /* Release */ = {
			isa = XCBuildConfiguration;
			buildSettings = {
				ASSETCATALOG_COMPILER_APPICON_NAME = AppIcon;
				ASSETCATALOG_COMPILER_GLOBAL_ACCENT_COLOR_NAME = AccentColor;
				CODE_SIGN_STYLE = Automatic;
				CURRENT_PROJECT_VERSION = 1;
				DEVELOPMENT_TEAM = 862P2X6G9G;
				ENABLE_PREVIEWS = YES;
				GENERATE_INFOPLIST_FILE = YES;
				INFOPLIST_KEY_UIApplicationSceneManifest_Generation = YES;
				INFOPLIST_KEY_UIApplicationSupportsIndirectInputEvents = YES;
				INFOPLIST_KEY_UILaunchScreen_Generation = YES;
				INFOPLIST_KEY_UISupportedInterfaceOrientations_iPad = "UIInterfaceOrientationPortrait UIInterfaceOrientationPortraitUpsideDown UIInterfaceOrientationLandscapeLeft UIInterfaceOrientationLandscapeRight";
				INFOPLIST_KEY_UISupportedInterfaceOrientations_iPhone = "UIInterfaceOrientationPortrait UIInterfaceOrientationLandscapeLeft UIInterfaceOrientationLandscapeRight";
				IPHONEOS_DEPLOYMENT_TARGET = 15.4;
				LD_RUNPATH_SEARCH_PATHS = (
					"$(inherited)",
					"@executable_path/Frameworks",
				);
				MARKETING_VERSION = 1.0;
				PRODUCT_BUNDLE_IDENTIFIER = me.jinwook.kim.InteractivePricingComponent;
				PRODUCT_NAME = "Interactive Pricing Component";
				SDKROOT = iphoneos;
				SWIFT_EMIT_LOC_STRINGS = YES;
				SWIFT_VERSION = 5.0;
				TARGETED_DEVICE_FAMILY = "1,2";
				VALIDATE_PRODUCT = YES;
			};
			name = Release;
		};
		90960EC72817735A00538202 /* Debug */ = {
			isa = XCBuildConfiguration;
			buildSettings = {
				ASSETCATALOG_COMPILER_APPICON_NAME = AppIcon;
				ASSETCATALOG_COMPILER_GLOBAL_ACCENT_COLOR_NAME = AccentColor;
				CODE_SIGN_ENTITLEMENTS = macOS/macOS.entitlements;
				CODE_SIGN_STYLE = Automatic;
				COMBINE_HIDPI_IMAGES = YES;
				CURRENT_PROJECT_VERSION = 1;
				DEVELOPMENT_TEAM = 862P2X6G9G;
				ENABLE_HARDENED_RUNTIME = YES;
				ENABLE_PREVIEWS = YES;
				GENERATE_INFOPLIST_FILE = YES;
				INFOPLIST_KEY_NSHumanReadableCopyright = "";
				LD_RUNPATH_SEARCH_PATHS = (
					"$(inherited)",
					"@executable_path/../Frameworks",
				);
				MACOSX_DEPLOYMENT_TARGET = 12.3;
				MARKETING_VERSION = 1.0;
				PRODUCT_BUNDLE_IDENTIFIER = me.jinwook.kim.InteractivePricingComponent;
				PRODUCT_NAME = "Interactive Pricing Component";
				SDKROOT = macosx;
				SWIFT_EMIT_LOC_STRINGS = YES;
				SWIFT_VERSION = 5.0;
			};
			name = Debug;
		};
		90960EC82817735A00538202 /* Release */ = {
			isa = XCBuildConfiguration;
			buildSettings = {
				ASSETCATALOG_COMPILER_APPICON_NAME = AppIcon;
				ASSETCATALOG_COMPILER_GLOBAL_ACCENT_COLOR_NAME = AccentColor;
				CODE_SIGN_ENTITLEMENTS = macOS/macOS.entitlements;
				CODE_SIGN_STYLE = Automatic;
				COMBINE_HIDPI_IMAGES = YES;
				CURRENT_PROJECT_VERSION = 1;
				DEVELOPMENT_TEAM = 862P2X6G9G;
				ENABLE_HARDENED_RUNTIME = YES;
				ENABLE_PREVIEWS = YES;
				GENERATE_INFOPLIST_FILE = YES;
				INFOPLIST_KEY_NSHumanReadableCopyright = "";
				LD_RUNPATH_SEARCH_PATHS = (
					"$(inherited)",
					"@executable_path/../Frameworks",
				);
				MACOSX_DEPLOYMENT_TARGET = 12.3;
				MARKETING_VERSION = 1.0;
				PRODUCT_BUNDLE_IDENTIFIER = me.jinwook.kim.InteractivePricingComponent;
				PRODUCT_NAME = "Interactive Pricing Component";
				SDKROOT = macosx;
				SWIFT_EMIT_LOC_STRINGS = YES;
				SWIFT_VERSION = 5.0;
			};
			name = Release;
		};
/* End XCBuildConfiguration section */

/* Begin XCConfigurationList section */
		90960EA92817735900538202 /* Build configuration list for PBXProject "Interactive Pricing Component" */ = {
			isa = XCConfigurationList;
			buildConfigurations = (
				90960EC12817735A00538202 /* Debug */,
				90960EC22817735A00538202 /* Release */,
			);
			defaultConfigurationIsVisible = 0;
			defaultConfigurationName = Release;
		};
		90960EC32817735A00538202 /* Build configuration list for PBXNativeTarget "Interactive Pricing Component (iOS)" */ = {
			isa = XCConfigurationList;
			buildConfigurations = (
				90960EC42817735A00538202 /* Debug */,
				90960EC52817735A00538202 /* Release */,
			);
			defaultConfigurationIsVisible = 0;
			defaultConfigurationName = Release;
		};
		90960EC62817735A00538202 /* Build configuration list for PBXNativeTarget "Interactive Pricing Component (macOS)" */ = {
			isa = XCConfigurationList;
			buildConfigurations = (
				90960EC72817735A00538202 /* Debug */,
				90960EC82817735A00538202 /* Release */,
			);
			defaultConfigurationIsVisible = 0;
			defaultConfigurationName = Release;
		};
/* End XCConfigurationList section */
	};
	rootObject = 90960EA62817735900538202 /* Project object */;
}
